// !$*UTF8*$!
{
	archiveVersion = 1;
	classes = {
	};
	objectVersion = 56;
	objects = {

/* Begin PBXBuildFile section */
		D80A3E9D2B6215AD00137630 /* IngredientsListView.swift in Sources */ = {isa = PBXBuildFile; fileRef = D80A3E9C2B6215AD00137630 /* IngredientsListView.swift */; };
		D8C94C262B5F5145007439C2 /* Fetch_TakeHomeApp.swift in Sources */ = {isa = PBXBuildFile; fileRef = D8C94C252B5F5145007439C2 /* Fetch_TakeHomeApp.swift */; };
		D8C94C2A2B5F5148007439C2 /* Assets.xcassets in Resources */ = {isa = PBXBuildFile; fileRef = D8C94C292B5F5148007439C2 /* Assets.xcassets */; };
		D8C94C2D2B5F5148007439C2 /* Preview Assets.xcassets in Resources */ = {isa = PBXBuildFile; fileRef = D8C94C2C2B5F5148007439C2 /* Preview Assets.xcassets */; };
		D8C94C372B5F5148007439C2 /* Fetch_TakeHomeTests.swift in Sources */ = {isa = PBXBuildFile; fileRef = D8C94C362B5F5148007439C2 /* Fetch_TakeHomeTests.swift */; };
		D8C94C412B5F5148007439C2 /* Fetch_TakeHomeUITests.swift in Sources */ = {isa = PBXBuildFile; fileRef = D8C94C402B5F5148007439C2 /* Fetch_TakeHomeUITests.swift */; };
		D8C94C432B5F5148007439C2 /* Fetch_TakeHomeUITestsLaunchTests.swift in Sources */ = {isa = PBXBuildFile; fileRef = D8C94C422B5F5148007439C2 /* Fetch_TakeHomeUITestsLaunchTests.swift */; };
		D8C94C512B6022C9007439C2 /* DessertResponse.swift in Sources */ = {isa = PBXBuildFile; fileRef = D8C94C502B6022C9007439C2 /* DessertResponse.swift */; };
		D8C94C532B6024FA007439C2 /* DessertResponseTests.swift in Sources */ = {isa = PBXBuildFile; fileRef = D8C94C522B6024FA007439C2 /* DessertResponseTests.swift */; };
		D8C94C562B602560007439C2 /* Desserts.json in Resources */ = {isa = PBXBuildFile; fileRef = D8C94C552B602560007439C2 /* Desserts.json */; };
		D8C94C582B602900007439C2 /* MealResponse.swift in Sources */ = {isa = PBXBuildFile; fileRef = D8C94C572B602900007439C2 /* MealResponse.swift */; };
		D8C94C5A2B6029EF007439C2 /* Recipe.json in Resources */ = {isa = PBXBuildFile; fileRef = D8C94C592B6029EF007439C2 /* Recipe.json */; };
		D8C94C5C2B602AE2007439C2 /* DetailedRecipeResponseTests.swift in Sources */ = {isa = PBXBuildFile; fileRef = D8C94C5B2B602AE2007439C2 /* DetailedRecipeResponseTests.swift */; };
		D8C94C622B604155007439C2 /* DessertsViewModel.swift in Sources */ = {isa = PBXBuildFile; fileRef = D8C94C612B604155007439C2 /* DessertsViewModel.swift */; };
		D8C94C642B60421F007439C2 /* DessertsView.swift in Sources */ = {isa = PBXBuildFile; fileRef = D8C94C632B60421F007439C2 /* DessertsView.swift */; };
		D8C94C672B605445007439C2 /* Networker.swift in Sources */ = {isa = PBXBuildFile; fileRef = D8C94C662B605445007439C2 /* Networker.swift */; };
		D8C94C692B6181BD007439C2 /* SimpleDessertRowView.swift in Sources */ = {isa = PBXBuildFile; fileRef = D8C94C682B6181BD007439C2 /* SimpleDessertRowView.swift */; };
		D8C94C6B2B618D93007439C2 /* DessertDetailView.swift in Sources */ = {isa = PBXBuildFile; fileRef = D8C94C6A2B618D93007439C2 /* DessertDetailView.swift */; };
		D8C94C6D2B6191D7007439C2 /* DessertDetailViewModel.swift in Sources */ = {isa = PBXBuildFile; fileRef = D8C94C6C2B6191D7007439C2 /* DessertDetailViewModel.swift */; };
		D8C94C6F2B61AD85007439C2 /* DetailedDessert.swift in Sources */ = {isa = PBXBuildFile; fileRef = D8C94C6E2B61AD85007439C2 /* DetailedDessert.swift */; };
/* End PBXBuildFile section */

/* Begin PBXContainerItemProxy section */
		D8C94C332B5F5148007439C2 /* PBXContainerItemProxy */ = {
			isa = PBXContainerItemProxy;
			containerPortal = D8C94C1A2B5F5145007439C2 /* Project object */;
			proxyType = 1;
			remoteGlobalIDString = D8C94C212B5F5145007439C2;
			remoteInfo = "Fetch-TakeHome";
		};
		D8C94C3D2B5F5148007439C2 /* PBXContainerItemProxy */ = {
			isa = PBXContainerItemProxy;
			containerPortal = D8C94C1A2B5F5145007439C2 /* Project object */;
			proxyType = 1;
			remoteGlobalIDString = D8C94C212B5F5145007439C2;
			remoteInfo = "Fetch-TakeHome";
		};
/* End PBXContainerItemProxy section */

/* Begin PBXFileReference section */
		D80A3E9C2B6215AD00137630 /* IngredientsListView.swift */ = {isa = PBXFileReference; lastKnownFileType = sourcecode.swift; path = IngredientsListView.swift; sourceTree = "<group>"; };
		D8C94C222B5F5145007439C2 /* Fetch-TakeHome.app */ = {isa = PBXFileReference; explicitFileType = wrapper.application; includeInIndex = 0; path = "Fetch-TakeHome.app"; sourceTree = BUILT_PRODUCTS_DIR; };
		D8C94C252B5F5145007439C2 /* Fetch_TakeHomeApp.swift */ = {isa = PBXFileReference; lastKnownFileType = sourcecode.swift; path = Fetch_TakeHomeApp.swift; sourceTree = "<group>"; };
		D8C94C292B5F5148007439C2 /* Assets.xcassets */ = {isa = PBXFileReference; lastKnownFileType = folder.assetcatalog; path = Assets.xcassets; sourceTree = "<group>"; };
		D8C94C2C2B5F5148007439C2 /* Preview Assets.xcassets */ = {isa = PBXFileReference; lastKnownFileType = folder.assetcatalog; path = "Preview Assets.xcassets"; sourceTree = "<group>"; };
		D8C94C322B5F5148007439C2 /* Fetch-TakeHomeTests.xctest */ = {isa = PBXFileReference; explicitFileType = wrapper.cfbundle; includeInIndex = 0; path = "Fetch-TakeHomeTests.xctest"; sourceTree = BUILT_PRODUCTS_DIR; };
		D8C94C362B5F5148007439C2 /* Fetch_TakeHomeTests.swift */ = {isa = PBXFileReference; lastKnownFileType = sourcecode.swift; path = Fetch_TakeHomeTests.swift; sourceTree = "<group>"; };
		D8C94C3C2B5F5148007439C2 /* Fetch-TakeHomeUITests.xctest */ = {isa = PBXFileReference; explicitFileType = wrapper.cfbundle; includeInIndex = 0; path = "Fetch-TakeHomeUITests.xctest"; sourceTree = BUILT_PRODUCTS_DIR; };
		D8C94C402B5F5148007439C2 /* Fetch_TakeHomeUITests.swift */ = {isa = PBXFileReference; lastKnownFileType = sourcecode.swift; path = Fetch_TakeHomeUITests.swift; sourceTree = "<group>"; };
		D8C94C422B5F5148007439C2 /* Fetch_TakeHomeUITestsLaunchTests.swift */ = {isa = PBXFileReference; lastKnownFileType = sourcecode.swift; path = Fetch_TakeHomeUITestsLaunchTests.swift; sourceTree = "<group>"; };
		D8C94C502B6022C9007439C2 /* DessertResponse.swift */ = {isa = PBXFileReference; lastKnownFileType = sourcecode.swift; path = DessertResponse.swift; sourceTree = "<group>"; };
		D8C94C522B6024FA007439C2 /* DessertResponseTests.swift */ = {isa = PBXFileReference; lastKnownFileType = sourcecode.swift; path = DessertResponseTests.swift; sourceTree = "<group>"; };
		D8C94C552B602560007439C2 /* Desserts.json */ = {isa = PBXFileReference; lastKnownFileType = text.json; path = Desserts.json; sourceTree = "<group>"; };
		D8C94C572B602900007439C2 /* MealResponse.swift */ = {isa = PBXFileReference; lastKnownFileType = sourcecode.swift; path = MealResponse.swift; sourceTree = "<group>"; };
		D8C94C592B6029EF007439C2 /* Recipe.json */ = {isa = PBXFileReference; lastKnownFileType = text.json; path = Recipe.json; sourceTree = "<group>"; };
		D8C94C5B2B602AE2007439C2 /* DetailedRecipeResponseTests.swift */ = {isa = PBXFileReference; lastKnownFileType = sourcecode.swift; path = DetailedRecipeResponseTests.swift; sourceTree = "<group>"; };
		D8C94C612B604155007439C2 /* DessertsViewModel.swift */ = {isa = PBXFileReference; lastKnownFileType = sourcecode.swift; path = DessertsViewModel.swift; sourceTree = "<group>"; };
		D8C94C632B60421F007439C2 /* DessertsView.swift */ = {isa = PBXFileReference; lastKnownFileType = sourcecode.swift; path = DessertsView.swift; sourceTree = "<group>"; };
		D8C94C662B605445007439C2 /* Networker.swift */ = {isa = PBXFileReference; lastKnownFileType = sourcecode.swift; path = Networker.swift; sourceTree = "<group>"; };
		D8C94C682B6181BD007439C2 /* SimpleDessertRowView.swift */ = {isa = PBXFileReference; lastKnownFileType = sourcecode.swift; path = SimpleDessertRowView.swift; sourceTree = "<group>"; };
		D8C94C6A2B618D93007439C2 /* DessertDetailView.swift */ = {isa = PBXFileReference; lastKnownFileType = sourcecode.swift; path = DessertDetailView.swift; sourceTree = "<group>"; };
		D8C94C6C2B6191D7007439C2 /* DessertDetailViewModel.swift */ = {isa = PBXFileReference; lastKnownFileType = sourcecode.swift; path = DessertDetailViewModel.swift; sourceTree = "<group>"; };
		D8C94C6E2B61AD85007439C2 /* DetailedDessert.swift */ = {isa = PBXFileReference; lastKnownFileType = sourcecode.swift; path = DetailedDessert.swift; sourceTree = "<group>"; };
/* End PBXFileReference section */

/* Begin PBXFrameworksBuildPhase section */
		D8C94C1F2B5F5145007439C2 /* Frameworks */ = {
			isa = PBXFrameworksBuildPhase;
			buildActionMask = 2147483647;
			files = (
			);
			runOnlyForDeploymentPostprocessing = 0;
		};
		D8C94C2F2B5F5148007439C2 /* Frameworks */ = {
			isa = PBXFrameworksBuildPhase;
			buildActionMask = 2147483647;
			files = (
			);
			runOnlyForDeploymentPostprocessing = 0;
		};
		D8C94C392B5F5148007439C2 /* Frameworks */ = {
			isa = PBXFrameworksBuildPhase;
			buildActionMask = 2147483647;
			files = (
			);
			runOnlyForDeploymentPostprocessing = 0;
		};
/* End PBXFrameworksBuildPhase section */

/* Begin PBXGroup section */
		D8C94C192B5F5145007439C2 = {
			isa = PBXGroup;
			children = (
				D8C94C242B5F5145007439C2 /* Fetch-TakeHome */,
				D8C94C352B5F5148007439C2 /* Fetch-TakeHomeTests */,
				D8C94C3F2B5F5148007439C2 /* Fetch-TakeHomeUITests */,
				D8C94C232B5F5145007439C2 /* Products */,
			);
			sourceTree = "<group>";
		};
		D8C94C232B5F5145007439C2 /* Products */ = {
			isa = PBXGroup;
			children = (
				D8C94C222B5F5145007439C2 /* Fetch-TakeHome.app */,
				D8C94C322B5F5148007439C2 /* Fetch-TakeHomeTests.xctest */,
				D8C94C3C2B5F5148007439C2 /* Fetch-TakeHomeUITests.xctest */,
			);
			name = Products;
			sourceTree = "<group>";
		};
		D8C94C242B5F5145007439C2 /* Fetch-TakeHome */ = {
			isa = PBXGroup;
			children = (
				D8C94C652B605433007439C2 /* Networking */,
				D8C94C602B603D89007439C2 /* Views */,
				D8C94C5F2B603D7B007439C2 /* View Models */,
				D8C94C4F2B5F5BC9007439C2 /* Models */,
				D8C94C252B5F5145007439C2 /* Fetch_TakeHomeApp.swift */,
				D8C94C292B5F5148007439C2 /* Assets.xcassets */,
				D8C94C2B2B5F5148007439C2 /* Preview Content */,
			);
			path = "Fetch-TakeHome";
			sourceTree = "<group>";
		};
		D8C94C2B2B5F5148007439C2 /* Preview Content */ = {
			isa = PBXGroup;
			children = (
				D8C94C2C2B5F5148007439C2 /* Preview Assets.xcassets */,
			);
			path = "Preview Content";
			sourceTree = "<group>";
		};
		D8C94C352B5F5148007439C2 /* Fetch-TakeHomeTests */ = {
			isa = PBXGroup;
			children = (
				D8C94C542B602537007439C2 /* Json Responses */,
				D8C94C362B5F5148007439C2 /* Fetch_TakeHomeTests.swift */,
				D8C94C522B6024FA007439C2 /* DessertResponseTests.swift */,
				D8C94C5B2B602AE2007439C2 /* DetailedRecipeResponseTests.swift */,
			);
			path = "Fetch-TakeHomeTests";
			sourceTree = "<group>";
		};
		D8C94C3F2B5F5148007439C2 /* Fetch-TakeHomeUITests */ = {
			isa = PBXGroup;
			children = (
				D8C94C402B5F5148007439C2 /* Fetch_TakeHomeUITests.swift */,
				D8C94C422B5F5148007439C2 /* Fetch_TakeHomeUITestsLaunchTests.swift */,
			);
			path = "Fetch-TakeHomeUITests";
			sourceTree = "<group>";
		};
		D8C94C4F2B5F5BC9007439C2 /* Models */ = {
			isa = PBXGroup;
			children = (
				D8C94C502B6022C9007439C2 /* DessertResponse.swift */,
				D8C94C572B602900007439C2 /* MealResponse.swift */,
				D8C94C6E2B61AD85007439C2 /* DetailedDessert.swift */,
			);
			path = Models;
			sourceTree = "<group>";
		};
		D8C94C542B602537007439C2 /* Json Responses */ = {
			isa = PBXGroup;
			children = (
				D8C94C552B602560007439C2 /* Desserts.json */,
				D8C94C592B6029EF007439C2 /* Recipe.json */,
			);
			path = "Json Responses";
			sourceTree = "<group>";
		};
		D8C94C5F2B603D7B007439C2 /* View Models */ = {
			isa = PBXGroup;
			children = (
				D8C94C612B604155007439C2 /* DessertsViewModel.swift */,
				D8C94C6C2B6191D7007439C2 /* DessertDetailViewModel.swift */,
			);
			path = "View Models";
			sourceTree = "<group>";
		};
		D8C94C602B603D89007439C2 /* Views */ = {
			isa = PBXGroup;
			children = (
				D8C94C632B60421F007439C2 /* DessertsView.swift */,
				D8C94C682B6181BD007439C2 /* SimpleDessertRowView.swift */,
				D8C94C6A2B618D93007439C2 /* DessertDetailView.swift */,
				D80A3E9C2B6215AD00137630 /* IngredientsListView.swift */,
			);
			path = Views;
			sourceTree = "<group>";
		};
		D8C94C652B605433007439C2 /* Networking */ = {
			isa = PBXGroup;
			children = (
				D8C94C662B605445007439C2 /* Networker.swift */,
			);
			path = Networking;
			sourceTree = "<group>";
		};
/* End PBXGroup section */

/* Begin PBXNativeTarget section */
		D8C94C212B5F5145007439C2 /* Fetch-TakeHome */ = {
			isa = PBXNativeTarget;
			buildConfigurationList = D8C94C462B5F5148007439C2 /* Build configuration list for PBXNativeTarget "Fetch-TakeHome" */;
			buildPhases = (
				D8C94C1E2B5F5145007439C2 /* Sources */,
				D8C94C1F2B5F5145007439C2 /* Frameworks */,
				D8C94C202B5F5145007439C2 /* Resources */,
			);
			buildRules = (
			);
			dependencies = (
			);
			name = "Fetch-TakeHome";
			productName = "Fetch-TakeHome";
			productReference = D8C94C222B5F5145007439C2 /* Fetch-TakeHome.app */;
			productType = "com.apple.product-type.application";
		};
		D8C94C312B5F5148007439C2 /* Fetch-TakeHomeTests */ = {
			isa = PBXNativeTarget;
			buildConfigurationList = D8C94C492B5F5148007439C2 /* Build configuration list for PBXNativeTarget "Fetch-TakeHomeTests" */;
			buildPhases = (
				D8C94C2E2B5F5148007439C2 /* Sources */,
				D8C94C2F2B5F5148007439C2 /* Frameworks */,
				D8C94C302B5F5148007439C2 /* Resources */,
			);
			buildRules = (
			);
			dependencies = (
				D8C94C342B5F5148007439C2 /* PBXTargetDependency */,
			);
			name = "Fetch-TakeHomeTests";
			productName = "Fetch-TakeHomeTests";
			productReference = D8C94C322B5F5148007439C2 /* Fetch-TakeHomeTests.xctest */;
			productType = "com.apple.product-type.bundle.unit-test";
		};
		D8C94C3B2B5F5148007439C2 /* Fetch-TakeHomeUITests */ = {
			isa = PBXNativeTarget;
			buildConfigurationList = D8C94C4C2B5F5148007439C2 /* Build configuration list for PBXNativeTarget "Fetch-TakeHomeUITests" */;
			buildPhases = (
				D8C94C382B5F5148007439C2 /* Sources */,
				D8C94C392B5F5148007439C2 /* Frameworks */,
				D8C94C3A2B5F5148007439C2 /* Resources */,
			);
			buildRules = (
			);
			dependencies = (
				D8C94C3E2B5F5148007439C2 /* PBXTargetDependency */,
			);
			name = "Fetch-TakeHomeUITests";
			productName = "Fetch-TakeHomeUITests";
			productReference = D8C94C3C2B5F5148007439C2 /* Fetch-TakeHomeUITests.xctest */;
			productType = "com.apple.product-type.bundle.ui-testing";
		};
/* End PBXNativeTarget section */

/* Begin PBXProject section */
		D8C94C1A2B5F5145007439C2 /* Project object */ = {
			isa = PBXProject;
			attributes = {
				BuildIndependentTargetsInParallel = 1;
				LastSwiftUpdateCheck = 1520;
				LastUpgradeCheck = 1520;
				TargetAttributes = {
					D8C94C212B5F5145007439C2 = {
						CreatedOnToolsVersion = 15.2;
					};
					D8C94C312B5F5148007439C2 = {
						CreatedOnToolsVersion = 15.2;
						TestTargetID = D8C94C212B5F5145007439C2;
					};
					D8C94C3B2B5F5148007439C2 = {
						CreatedOnToolsVersion = 15.2;
						TestTargetID = D8C94C212B5F5145007439C2;
					};
				};
			};
			buildConfigurationList = D8C94C1D2B5F5145007439C2 /* Build configuration list for PBXProject "Fetch-TakeHome" */;
			compatibilityVersion = "Xcode 14.0";
			developmentRegion = en;
			hasScannedForEncodings = 0;
			knownRegions = (
				en,
				Base,
			);
			mainGroup = D8C94C192B5F5145007439C2;
			productRefGroup = D8C94C232B5F5145007439C2 /* Products */;
			projectDirPath = "";
			projectRoot = "";
			targets = (
				D8C94C212B5F5145007439C2 /* Fetch-TakeHome */,
				D8C94C312B5F5148007439C2 /* Fetch-TakeHomeTests */,
				D8C94C3B2B5F5148007439C2 /* Fetch-TakeHomeUITests */,
			);
		};
/* End PBXProject section */

/* Begin PBXResourcesBuildPhase section */
		D8C94C202B5F5145007439C2 /* Resources */ = {
			isa = PBXResourcesBuildPhase;
			buildActionMask = 2147483647;
			files = (
				D8C94C2D2B5F5148007439C2 /* Preview Assets.xcassets in Resources */,
				D8C94C2A2B5F5148007439C2 /* Assets.xcassets in Resources */,
			);
			runOnlyForDeploymentPostprocessing = 0;
		};
		D8C94C302B5F5148007439C2 /* Resources */ = {
			isa = PBXResourcesBuildPhase;
			buildActionMask = 2147483647;
			files = (
				D8C94C562B602560007439C2 /* Desserts.json in Resources */,
				D8C94C5A2B6029EF007439C2 /* Recipe.json in Resources */,
			);
			runOnlyForDeploymentPostprocessing = 0;
		};
		D8C94C3A2B5F5148007439C2 /* Resources */ = {
			isa = PBXResourcesBuildPhase;
			buildActionMask = 2147483647;
			files = (
			);
			runOnlyForDeploymentPostprocessing = 0;
		};
/* End PBXResourcesBuildPhase section */

/* Begin PBXSourcesBuildPhase section */
		D8C94C1E2B5F5145007439C2 /* Sources */ = {
			isa = PBXSourcesBuildPhase;
			buildActionMask = 2147483647;
			files = (
				D8C94C512B6022C9007439C2 /* DessertResponse.swift in Sources */,
				D8C94C672B605445007439C2 /* Networker.swift in Sources */,
				D8C94C6D2B6191D7007439C2 /* DessertDetailViewModel.swift in Sources */,
				D80A3E9D2B6215AD00137630 /* IngredientsListView.swift in Sources */,
				D8C94C262B5F5145007439C2 /* Fetch_TakeHomeApp.swift in Sources */,
				D8C94C692B6181BD007439C2 /* SimpleDessertRowView.swift in Sources */,
				D8C94C582B602900007439C2 /* MealResponse.swift in Sources */,
				D8C94C6F2B61AD85007439C2 /* DetailedDessert.swift in Sources */,
				D8C94C622B604155007439C2 /* DessertsViewModel.swift in Sources */,
				D8C94C642B60421F007439C2 /* DessertsView.swift in Sources */,
				D8C94C6B2B618D93007439C2 /* DessertDetailView.swift in Sources */,
			);
			runOnlyForDeploymentPostprocessing = 0;
		};
		D8C94C2E2B5F5148007439C2 /* Sources */ = {
			isa = PBXSourcesBuildPhase;
			buildActionMask = 2147483647;
			files = (
				D8C94C372B5F5148007439C2 /* Fetch_TakeHomeTests.swift in Sources */,
				D8C94C5C2B602AE2007439C2 /* DetailedRecipeResponseTests.swift in Sources */,
				D8C94C532B6024FA007439C2 /* DessertResponseTests.swift in Sources */,
			);
			runOnlyForDeploymentPostprocessing = 0;
		};
		D8C94C382B5F5148007439C2 /* Sources */ = {
			isa = PBXSourcesBuildPhase;
			buildActionMask = 2147483647;
			files = (
				D8C94C412B5F5148007439C2 /* Fetch_TakeHomeUITests.swift in Sources */,
				D8C94C432B5F5148007439C2 /* Fetch_TakeHomeUITestsLaunchTests.swift in Sources */,
			);
			runOnlyForDeploymentPostprocessing = 0;
		};
/* End PBXSourcesBuildPhase section */

/* Begin PBXTargetDependency section */
		D8C94C342B5F5148007439C2 /* PBXTargetDependency */ = {
			isa = PBXTargetDependency;
			target = D8C94C212B5F5145007439C2 /* Fetch-TakeHome */;
			targetProxy = D8C94C332B5F5148007439C2 /* PBXContainerItemProxy */;
		};
		D8C94C3E2B5F5148007439C2 /* PBXTargetDependency */ = {
			isa = PBXTargetDependency;
			target = D8C94C212B5F5145007439C2 /* Fetch-TakeHome */;
			targetProxy = D8C94C3D2B5F5148007439C2 /* PBXContainerItemProxy */;
		};
/* End PBXTargetDependency section */

/* Begin XCBuildConfiguration section */
		D8C94C442B5F5148007439C2 /* Debug */ = {
			isa = XCBuildConfiguration;
			buildSettings = {
				ALWAYS_SEARCH_USER_PATHS = NO;
				ASSETCATALOG_COMPILER_GENERATE_SWIFT_ASSET_SYMBOL_EXTENSIONS = YES;
				CLANG_ANALYZER_NONNULL = YES;
				CLANG_ANALYZER_NUMBER_OBJECT_CONVERSION = YES_AGGRESSIVE;
				CLANG_CXX_LANGUAGE_STANDARD = "gnu++20";
				CLANG_ENABLE_MODULES = YES;
				CLANG_ENABLE_OBJC_ARC = YES;
				CLANG_ENABLE_OBJC_WEAK = YES;
				CLANG_WARN_BLOCK_CAPTURE_AUTORELEASING = YES;
				CLANG_WARN_BOOL_CONVERSION = YES;
				CLANG_WARN_COMMA = YES;
				CLANG_WARN_CONSTANT_CONVERSION = YES;
				CLANG_WARN_DEPRECATED_OBJC_IMPLEMENTATIONS = YES;
				CLANG_WARN_DIRECT_OBJC_ISA_USAGE = YES_ERROR;
				CLANG_WARN_DOCUMENTATION_COMMENTS = YES;
				CLANG_WARN_EMPTY_BODY = YES;
				CLANG_WARN_ENUM_CONVERSION = YES;
				CLANG_WARN_INFINITE_RECURSION = YES;
				CLANG_WARN_INT_CONVERSION = YES;
				CLANG_WARN_NON_LITERAL_NULL_CONVERSION = YES;
				CLANG_WARN_OBJC_IMPLICIT_RETAIN_SELF = YES;
				CLANG_WARN_OBJC_LITERAL_CONVERSION = YES;
				CLANG_WARN_OBJC_ROOT_CLASS = YES_ERROR;
				CLANG_WARN_QUOTED_INCLUDE_IN_FRAMEWORK_HEADER = YES;
				CLANG_WARN_RANGE_LOOP_ANALYSIS = YES;
				CLANG_WARN_STRICT_PROTOTYPES = YES;
				CLANG_WARN_SUSPICIOUS_MOVE = YES;
				CLANG_WARN_UNGUARDED_AVAILABILITY = YES_AGGRESSIVE;
				CLANG_WARN_UNREACHABLE_CODE = YES;
				CLANG_WARN__DUPLICATE_METHOD_MATCH = YES;
				COPY_PHASE_STRIP = NO;
				DEBUG_INFORMATION_FORMAT = dwarf;
				ENABLE_STRICT_OBJC_MSGSEND = YES;
				ENABLE_TESTABILITY = YES;
				ENABLE_USER_SCRIPT_SANDBOXING = YES;
				GCC_C_LANGUAGE_STANDARD = gnu17;
				GCC_DYNAMIC_NO_PIC = NO;
				GCC_NO_COMMON_BLOCKS = YES;
				GCC_OPTIMIZATION_LEVEL = 0;
				GCC_PREPROCESSOR_DEFINITIONS = (
					"DEBUG=1",
					"$(inherited)",
				);
				GCC_WARN_64_TO_32_BIT_CONVERSION = YES;
				GCC_WARN_ABOUT_RETURN_TYPE = YES_ERROR;
				GCC_WARN_UNDECLARED_SELECTOR = YES;
				GCC_WARN_UNINITIALIZED_AUTOS = YES_AGGRESSIVE;
				GCC_WARN_UNUSED_FUNCTION = YES;
				GCC_WARN_UNUSED_VARIABLE = YES;
				IPHONEOS_DEPLOYMENT_TARGET = 17.2;
				LOCALIZATION_PREFERS_STRING_CATALOGS = YES;
				MTL_ENABLE_DEBUG_INFO = INCLUDE_SOURCE;
				MTL_FAST_MATH = YES;
				ONLY_ACTIVE_ARCH = YES;
				SDKROOT = iphoneos;
				SWIFT_ACTIVE_COMPILATION_CONDITIONS = "DEBUG $(inherited)";
				SWIFT_OPTIMIZATION_LEVEL = "-Onone";
			};
			name = Debug;
		};
		D8C94C452B5F5148007439C2 /* Release */ = {
			isa = XCBuildConfiguration;
			buildSettings = {
				ALWAYS_SEARCH_USER_PATHS = NO;
				ASSETCATALOG_COMPILER_GENERATE_SWIFT_ASSET_SYMBOL_EXTENSIONS = YES;
				CLANG_ANALYZER_NONNULL = YES;
				CLANG_ANALYZER_NUMBER_OBJECT_CONVERSION = YES_AGGRESSIVE;
				CLANG_CXX_LANGUAGE_STANDARD = "gnu++20";
				CLANG_ENABLE_MODULES = YES;
				CLANG_ENABLE_OBJC_ARC = YES;
				CLANG_ENABLE_OBJC_WEAK = YES;
				CLANG_WARN_BLOCK_CAPTURE_AUTORELEASING = YES;
				CLANG_WARN_BOOL_CONVERSION = YES;
				CLANG_WARN_COMMA = YES;
				CLANG_WARN_CONSTANT_CONVERSION = YES;
				CLANG_WARN_DEPRECATED_OBJC_IMPLEMENTATIONS = YES;
				CLANG_WARN_DIRECT_OBJC_ISA_USAGE = YES_ERROR;
				CLANG_WARN_DOCUMENTATION_COMMENTS = YES;
				CLANG_WARN_EMPTY_BODY = YES;
				CLANG_WARN_ENUM_CONVERSION = YES;
				CLANG_WARN_INFINITE_RECURSION = YES;
				CLANG_WARN_INT_CONVERSION = YES;
				CLANG_WARN_NON_LITERAL_NULL_CONVERSION = YES;
				CLANG_WARN_OBJC_IMPLICIT_RETAIN_SELF = YES;
				CLANG_WARN_OBJC_LITERAL_CONVERSION = YES;
				CLANG_WARN_OBJC_ROOT_CLASS = YES_ERROR;
				CLANG_WARN_QUOTED_INCLUDE_IN_FRAMEWORK_HEADER = YES;
				CLANG_WARN_RANGE_LOOP_ANALYSIS = YES;
				CLANG_WARN_STRICT_PROTOTYPES = YES;
				CLANG_WARN_SUSPICIOUS_MOVE = YES;
				CLANG_WARN_UNGUARDED_AVAILABILITY = YES_AGGRESSIVE;
				CLANG_WARN_UNREACHABLE_CODE = YES;
				CLANG_WARN__DUPLICATE_METHOD_MATCH = YES;
				COPY_PHASE_STRIP = NO;
				DEBUG_INFORMATION_FORMAT = "dwarf-with-dsym";
				ENABLE_NS_ASSERTIONS = NO;
				ENABLE_STRICT_OBJC_MSGSEND = YES;
				ENABLE_USER_SCRIPT_SANDBOXING = YES;
				GCC_C_LANGUAGE_STANDARD = gnu17;
				GCC_NO_COMMON_BLOCKS = YES;
				GCC_WARN_64_TO_32_BIT_CONVERSION = YES;
				GCC_WARN_ABOUT_RETURN_TYPE = YES_ERROR;
				GCC_WARN_UNDECLARED_SELECTOR = YES;
				GCC_WARN_UNINITIALIZED_AUTOS = YES_AGGRESSIVE;
				GCC_WARN_UNUSED_FUNCTION = YES;
				GCC_WARN_UNUSED_VARIABLE = YES;
				IPHONEOS_DEPLOYMENT_TARGET = 17.2;
				LOCALIZATION_PREFERS_STRING_CATALOGS = YES;
				MTL_ENABLE_DEBUG_INFO = NO;
				MTL_FAST_MATH = YES;
				SDKROOT = iphoneos;
				SWIFT_COMPILATION_MODE = wholemodule;
				VALIDATE_PRODUCT = YES;
			};
			name = Release;
		};
		D8C94C472B5F5148007439C2 /* Debug */ = {
			isa = XCBuildConfiguration;
			buildSettings = {
				ASSETCATALOG_COMPILER_APPICON_NAME = AppIcon;
				ASSETCATALOG_COMPILER_GLOBAL_ACCENT_COLOR_NAME = AccentColor;
				CODE_SIGN_STYLE = Automatic;
				CURRENT_PROJECT_VERSION = 1;
				DEVELOPMENT_ASSET_PATHS = "\"Fetch-TakeHome/Preview Content\"";
				ENABLE_PREVIEWS = YES;
				GENERATE_INFOPLIST_FILE = YES;
				INFOPLIST_KEY_UIApplicationSceneManifest_Generation = YES;
				INFOPLIST_KEY_UIApplicationSupportsIndirectInputEvents = YES;
				INFOPLIST_KEY_UILaunchScreen_Generation = YES;
				INFOPLIST_KEY_UISupportedInterfaceOrientations_iPad = "UIInterfaceOrientationPortrait UIInterfaceOrientationPortraitUpsideDown UIInterfaceOrientationLandscapeLeft UIInterfaceOrientationLandscapeRight";
				INFOPLIST_KEY_UISupportedInterfaceOrientations_iPhone = "UIInterfaceOrientationPortrait UIInterfaceOrientationLandscapeLeft UIInterfaceOrientationLandscapeRight";
				LD_RUNPATH_SEARCH_PATHS = (
					"$(inherited)",
					"@executable_path/Frameworks",
				);
				MARKETING_VERSION = 1.0;
				PRODUCT_BUNDLE_IDENTIFIER = "com.blaketucker.Fetch-TakeHome";
				PRODUCT_NAME = "$(TARGET_NAME)";
				SWIFT_EMIT_LOC_STRINGS = YES;
				SWIFT_VERSION = 5.0;
				TARGETED_DEVICE_FAMILY = "1,2";
			};
			name = Debug;
		};
		D8C94C482B5F5148007439C2 /* Release */ = {
			isa = XCBuildConfiguration;
			buildSettings = {
				ASSETCATALOG_COMPILER_APPICON_NAME = AppIcon;
				ASSETCATALOG_COMPILER_GLOBAL_ACCENT_COLOR_NAME = AccentColor;
				CODE_SIGN_STYLE = Automatic;
				CURRENT_PROJECT_VERSION = 1;
				DEVELOPMENT_ASSET_PATHS = "\"Fetch-TakeHome/Preview Content\"";
				ENABLE_PREVIEWS = YES;
				GENERATE_INFOPLIST_FILE = YES;
				INFOPLIST_KEY_UIApplicationSceneManifest_Generation = YES;
				INFOPLIST_KEY_UIApplicationSupportsIndirectInputEvents = YES;
				INFOPLIST_KEY_UILaunchScreen_Generation = YES;
				INFOPLIST_KEY_UISupportedInterfaceOrientations_iPad = "UIInterfaceOrientationPortrait UIInterfaceOrientationPortraitUpsideDown UIInterfaceOrientationLandscapeLeft UIInterfaceOrientationLandscapeRight";
				INFOPLIST_KEY_UISupportedInterfaceOrientations_iPhone = "UIInterfaceOrientationPortrait UIInterfaceOrientationLandscapeLeft UIInterfaceOrientationLandscapeRight";
				LD_RUNPATH_SEARCH_PATHS = (
					"$(inherited)",
					"@executable_path/Frameworks",
				);
				MARKETING_VERSION = 1.0;
				PRODUCT_BUNDLE_IDENTIFIER = "com.blaketucker.Fetch-TakeHome";
				PRODUCT_NAME = "$(TARGET_NAME)";
				SWIFT_EMIT_LOC_STRINGS = YES;
				SWIFT_VERSION = 5.0;
				TARGETED_DEVICE_FAMILY = "1,2";
			};
			name = Release;
		};
		D8C94C4A2B5F5148007439C2 /* Debug */ = {
			isa = XCBuildConfiguration;
			buildSettings = {
				ALWAYS_EMBED_SWIFT_STANDARD_LIBRARIES = YES;
				BUNDLE_LOADER = "$(TEST_HOST)";
				CODE_SIGN_STYLE = Automatic;
				CURRENT_PROJECT_VERSION = 1;
				GENERATE_INFOPLIST_FILE = YES;
				IPHONEOS_DEPLOYMENT_TARGET = 17.2;
				MARKETING_VERSION = 1.0;
				PRODUCT_BUNDLE_IDENTIFIER = "com.blaketucker.Fetch-TakeHomeTests";
				PRODUCT_NAME = "$(TARGET_NAME)";
				SWIFT_EMIT_LOC_STRINGS = NO;
				SWIFT_VERSION = 5.0;
				TARGETED_DEVICE_FAMILY = "1,2";
				TEST_HOST = "$(BUILT_PRODUCTS_DIR)/Fetch-TakeHome.app/$(BUNDLE_EXECUTABLE_FOLDER_PATH)/Fetch-TakeHome";
			};
			name = Debug;
		};
		D8C94C4B2B5F5148007439C2 /* Release */ = {
			isa = XCBuildConfiguration;
			buildSettings = {
				ALWAYS_EMBED_SWIFT_STANDARD_LIBRARIES = YES;
				BUNDLE_LOADER = "$(TEST_HOST)";
				CODE_SIGN_STYLE = Automatic;
				CURRENT_PROJECT_VERSION = 1;
				GENERATE_INFOPLIST_FILE = YES;
				IPHONEOS_DEPLOYMENT_TARGET = 17.2;
				MARKETING_VERSION = 1.0;
				PRODUCT_BUNDLE_IDENTIFIER = "com.blaketucker.Fetch-TakeHomeTests";
				PRODUCT_NAME = "$(TARGET_NAME)";
				SWIFT_EMIT_LOC_STRINGS = NO;
				SWIFT_VERSION = 5.0;
				TARGETED_DEVICE_FAMILY = "1,2";
				TEST_HOST = "$(BUILT_PRODUCTS_DIR)/Fetch-TakeHome.app/$(BUNDLE_EXECUTABLE_FOLDER_PATH)/Fetch-TakeHome";
			};
			name = Release;
		};
		D8C94C4D2B5F5148007439C2 /* Debug */ = {
			isa = XCBuildConfiguration;
			buildSettings = {
				ALWAYS_EMBED_SWIFT_STANDARD_LIBRARIES = YES;
				CODE_SIGN_STYLE = Automatic;
				CURRENT_PROJECT_VERSION = 1;
				GENERATE_INFOPLIST_FILE = YES;
				MARKETING_VERSION = 1.0;
				PRODUCT_BUNDLE_IDENTIFIER = "com.blaketucker.Fetch-TakeHomeUITests";
				PRODUCT_NAME = "$(TARGET_NAME)";
				SWIFT_EMIT_LOC_STRINGS = NO;
				SWIFT_VERSION = 5.0;
				TARGETED_DEVICE_FAMILY = "1,2";
				TEST_TARGET_NAME = "Fetch-TakeHome";
			};
			name = Debug;
		};
		D8C94C4E2B5F5148007439C2 /* Release */ = {
			isa = XCBuildConfiguration;
			buildSettings = {
				ALWAYS_EMBED_SWIFT_STANDARD_LIBRARIES = YES;
				CODE_SIGN_STYLE = Automatic;
				CURRENT_PROJECT_VERSION = 1;
				GENERATE_INFOPLIST_FILE = YES;
				MARKETING_VERSION = 1.0;
				PRODUCT_BUNDLE_IDENTIFIER = "com.blaketucker.Fetch-TakeHomeUITests";
				PRODUCT_NAME = "$(TARGET_NAME)";
				SWIFT_EMIT_LOC_STRINGS = NO;
				SWIFT_VERSION = 5.0;
				TARGETED_DEVICE_FAMILY = "1,2";
				TEST_TARGET_NAME = "Fetch-TakeHome";
			};
			name = Release;
		};
/* End XCBuildConfiguration section */

/* Begin XCConfigurationList section */
		D8C94C1D2B5F5145007439C2 /* Build configuration list for PBXProject "Fetch-TakeHome" */ = {
			isa = XCConfigurationList;
			buildConfigurations = (
				D8C94C442B5F5148007439C2 /* Debug */,
				D8C94C452B5F5148007439C2 /* Release */,
			);
			defaultConfigurationIsVisible = 0;
			defaultConfigurationName = Release;
		};
		D8C94C462B5F5148007439C2 /* Build configuration list for PBXNativeTarget "Fetch-TakeHome" */ = {
			isa = XCConfigurationList;
			buildConfigurations = (
				D8C94C472B5F5148007439C2 /* Debug */,
				D8C94C482B5F5148007439C2 /* Release */,
			);
			defaultConfigurationIsVisible = 0;
			defaultConfigurationName = Release;
		};
		D8C94C492B5F5148007439C2 /* Build configuration list for PBXNativeTarget "Fetch-TakeHomeTests" */ = {
			isa = XCConfigurationList;
			buildConfigurations = (
				D8C94C4A2B5F5148007439C2 /* Debug */,
				D8C94C4B2B5F5148007439C2 /* Release */,
			);
			defaultConfigurationIsVisible = 0;
			defaultConfigurationName = Release;
		};
		D8C94C4C2B5F5148007439C2 /* Build configuration list for PBXNativeTarget "Fetch-TakeHomeUITests" */ = {
			isa = XCConfigurationList;
			buildConfigurations = (
				D8C94C4D2B5F5148007439C2 /* Debug */,
				D8C94C4E2B5F5148007439C2 /* Release */,
			);
			defaultConfigurationIsVisible = 0;
			defaultConfigurationName = Release;
		};
/* End XCConfigurationList section */
	};
	rootObject = D8C94C1A2B5F5145007439C2 /* Project object */;
}
